
Microsoft Visual Studio Solution File, Format Version 12.00
# Visual Studio Version 17
VisualStudioVersion = 17.11.35208.52
MinimumVisualStudioVersion = 10.0.40219.1
Project("{FAE04EC0-301F-11D3-BF4B-00C04F79EFBC}") = "CodingChallengesHernandezP7", "CodingChallengesHernandezP7.csproj", "{92376516-D447-4908-9F8D-C105A62BE167}"
EndProject
Global
	GlobalSection(SolutionConfigurationPlatforms) = preSolution
		Debug|Any CPU = Debug|Any CPU
		Release|Any CPU = Release|Any CPU
	EndGlobalSection
	GlobalSection(ProjectConfigurationPlatforms) = postSolution
		{92376516-D447-4908-9F8D-C105A62BE167}.Debug|Any CPU.ActiveCfg = Debug|Any CPU
		{92376516-D447-4908-9F8D-C105A62BE167}.Debug|Any CPU.Build.0 = Debug|Any CPU
		{92376516-D447-4908-9F8D-C105A62BE167}.Release|Any CPU.ActiveCfg = Release|Any CPU
		{92376516-D447-4908-9F8D-C105A62BE167}.Release|Any CPU.Build.0 = Release|Any CPU
	EndGlobalSection
	GlobalSection(SolutionProperties) = preSolution
		HideSolutionNode = FALSE
	EndGlobalSection
	GlobalSection(ExtensibilityGlobals) = postSolution
		SolutionGuid = {B4DE406F-4FE6-4259-8237-D426D651751B}
	EndGlobalSection
EndGlobal
